schema: '2.0'
stages:
  split:
    cmd: python split.py files.csv files-train.csv files-test.csv
    deps:
    - path: files.csv
      md5: a181e156773daf1620f139fd87d0b9eb
      size: 1119
    - path: split.py
      md5: b3a178d35c7926190fb8bdce5b7681d5
      size: 713
    outs:
    - path: files-test.csv
      md5: 012d63ebb79cbf475c14ba8f3c2078d5
      size: 345
    - path: files-train.csv
      md5: bc0884988797a71c9e7dee2d95fb448b
      size: 774
  featurize:
    cmd: python featurize.py files-train.csv files-train-feats.csv
    deps:
    - path: featurize.py
      md5: 9587d6334f0ddeddfedb107ef901e117
      size: 698
    - path: files-train.csv
      md5: bc0884988797a71c9e7dee2d95fb448b
      size: 774
    outs:
    - path: files-train-feats.csv
      md5: 43637513261684271f85e4dd2df1f7cc
      size: 46
  train:
    cmd: python train.py files-train-feats.csv model.json
    deps:
    - path: files-train-feats.csv
      md5: 43637513261684271f85e4dd2df1f7cc
      size: 46
    - path: train.py
      md5: 93cdfbcfe94a40acd756ca8f84f7ac71
      size: 1123
    params:
      params.yaml:
        epochs: 65
        learning_rate: 0.08
        max_depth: 12
    outs:
    - path: model.json
      md5: e3af724a50a63449922d9001f8b3b901
      size: 137
  evaluate:
    cmd: python evaluate.py model.json files-test.csv
    deps:
    - path: evaluate.py
      md5: 32975e5872961f9bad19388a7d4f9650
      size: 41678
    - path: files-test.csv
      md5: 012d63ebb79cbf475c14ba8f3c2078d5
      size: 345
    - path: model.json
      md5: e3af724a50a63449922d9001f8b3b901
      size: 137
    outs:
    - path: metrics.json
      md5: 9a20320674c8d5c718591e70224b4c82
      size: 287
